
Microsoft Visual Studio Solution File, Format Version 12.00
# Visual Studio Version 17
VisualStudioVersion = 17.6.33815.320
MinimumVisualStudioVersion = 10.0.40219.1
Project("{9A19103F-16F7-4668-BE54-9A1E7A4F7556}") = "FA.JustBlog.Core", "FA.JustBlog.Core\FA.JustBlog.Core.csproj", "{BADD97F6-8DA0-4A5B-AAFC-F098BFDE9634}"
EndProject
Project("{FAE04EC0-301F-11D3-BF4B-00C04F79EFBC}") = "FA.JustBlog.Repository", "FA.JustBlog.Repository\FA.JustBlog.Repository.csproj", "{EAD9CE5B-491A-4960-9654-8C76AA2715BB}"
EndProject
Project("{FAE04EC0-301F-11D3-BF4B-00C04F79EFBC}") = "FA.JustBlog.Service", "FA.JustBlog.Service\FA.JustBlog.Service.csproj", "{C96A935D-DAE5-4CAA-AD19-AF2BEF03AF16}"
EndProject
Project("{FAE04EC0-301F-11D3-BF4B-00C04F79EFBC}") = "FA.JustBlog.ViewModel", "FA.JustBlog.ViewModel\FA.JustBlog.ViewModel.csproj", "{FE3EBD3D-2333-4D95-A31F-AB2786178A2B}"
EndProject
Project("{FAE04EC0-301F-11D3-BF4B-00C04F79EFBC}") = "FA.JustBlog.UI", "FA.JustBlog.UI\FA.JustBlog.UI.csproj", "{8F6AA6E7-451A-4D10-9623-A39EF48A1AD2}"
EndProject
Global
	GlobalSection(SolutionConfigurationPlatforms) = preSolution
		Debug|Any CPU = Debug|Any CPU
		Release|Any CPU = Release|Any CPU
	EndGlobalSection
	GlobalSection(ProjectConfigurationPlatforms) = postSolution
		{BADD97F6-8DA0-4A5B-AAFC-F098BFDE9634}.Debug|Any CPU.ActiveCfg = Debug|Any CPU
		{BADD97F6-8DA0-4A5B-AAFC-F098BFDE9634}.Debug|Any CPU.Build.0 = Debug|Any CPU
		{BADD97F6-8DA0-4A5B-AAFC-F098BFDE9634}.Release|Any CPU.ActiveCfg = Release|Any CPU
		{BADD97F6-8DA0-4A5B-AAFC-F098BFDE9634}.Release|Any CPU.Build.0 = Release|Any CPU
		{EAD9CE5B-491A-4960-9654-8C76AA2715BB}.Debug|Any CPU.ActiveCfg = Debug|Any CPU
		{EAD9CE5B-491A-4960-9654-8C76AA2715BB}.Debug|Any CPU.Build.0 = Debug|Any CPU
		{EAD9CE5B-491A-4960-9654-8C76AA2715BB}.Release|Any CPU.ActiveCfg = Release|Any CPU
		{EAD9CE5B-491A-4960-9654-8C76AA2715BB}.Release|Any CPU.Build.0 = Release|Any CPU
		{C96A935D-DAE5-4CAA-AD19-AF2BEF03AF16}.Debug|Any CPU.ActiveCfg = Debug|Any CPU
		{C96A935D-DAE5-4CAA-AD19-AF2BEF03AF16}.Debug|Any CPU.Build.0 = Debug|Any CPU
		{C96A935D-DAE5-4CAA-AD19-AF2BEF03AF16}.Release|Any CPU.ActiveCfg = Release|Any CPU
		{C96A935D-DAE5-4CAA-AD19-AF2BEF03AF16}.Release|Any CPU.Build.0 = Release|Any CPU
		{FE3EBD3D-2333-4D95-A31F-AB2786178A2B}.Debug|Any CPU.ActiveCfg = Debug|Any CPU
		{FE3EBD3D-2333-4D95-A31F-AB2786178A2B}.Debug|Any CPU.Build.0 = Debug|Any CPU
		{FE3EBD3D-2333-4D95-A31F-AB2786178A2B}.Release|Any CPU.ActiveCfg = Release|Any CPU
		{FE3EBD3D-2333-4D95-A31F-AB2786178A2B}.Release|Any CPU.Build.0 = Release|Any CPU
		{8F6AA6E7-451A-4D10-9623-A39EF48A1AD2}.Debug|Any CPU.ActiveCfg = Debug|Any CPU
		{8F6AA6E7-451A-4D10-9623-A39EF48A1AD2}.Debug|Any CPU.Build.0 = Debug|Any CPU
		{8F6AA6E7-451A-4D10-9623-A39EF48A1AD2}.Release|Any CPU.ActiveCfg = Release|Any CPU
		{8F6AA6E7-451A-4D10-9623-A39EF48A1AD2}.Release|Any CPU.Build.0 = Release|Any CPU
	EndGlobalSection
	GlobalSection(SolutionProperties) = preSolution
		HideSolutionNode = FALSE
	EndGlobalSection
	GlobalSection(ExtensibilityGlobals) = postSolution
		SolutionGuid = {C6C40853-2595-435A-9DBC-D4C7A4DB3ACA}
	EndGlobalSection
EndGlobal
